// !$*UTF8*$!
{
	archiveVersion = 1;
	classes = {
	};
	objectVersion = 46;
	objects = {

/* Begin PBXBuildFile section */
		2DC758802AFBEA23C7A6CB37 /* libPods-UploadFileToQiNiu.a in Frameworks */ = {isa = PBXBuildFile; fileRef = C2E1E19336A2164257503E50 /* libPods-UploadFileToQiNiu.a */; };
		7D4073831FA60E170098E334 /* UploadTools.m in Sources */ = {isa = PBXBuildFile; fileRef = 7D4073821FA60E170098E334 /* UploadTools.m */; };
		7D4073861FA61C530098E334 /* NSAlert+Common.m in Sources */ = {isa = PBXBuildFile; fileRef = 7D4073851FA61C530098E334 /* NSAlert+Common.m */; };
		8BA5304A1EE25DE7001D8D78 /* AppDelegate.m in Sources */ = {isa = PBXBuildFile; fileRef = 8BA530491EE25DE7001D8D78 /* AppDelegate.m */; };
		8BA5304D1EE25DE7001D8D78 /* main.m in Sources */ = {isa = PBXBuildFile; fileRef = 8BA5304C1EE25DE7001D8D78 /* main.m */; };
		8BA530501EE25DE7001D8D78 /* ViewController.m in Sources */ = {isa = PBXBuildFile; fileRef = 8BA5304F1EE25DE7001D8D78 /* ViewController.m */; };
		8BA530521EE25DE7001D8D78 /* Assets.xcassets in Resources */ = {isa = PBXBuildFile; fileRef = 8BA530511EE25DE7001D8D78 /* Assets.xcassets */; };
		8BA530551EE25DE7001D8D78 /* Main.storyboard in Resources */ = {isa = PBXBuildFile; fileRef = 8BA530531EE25DE7001D8D78 /* Main.storyboard */; };
		8BA530601EE25DE8001D8D78 /* UploadFileToQiNiuTests.m in Sources */ = {isa = PBXBuildFile; fileRef = 8BA5305F1EE25DE8001D8D78 /* UploadFileToQiNiuTests.m */; };
		8BA5306B1EE25DE8001D8D78 /* UploadFileToQiNiuUITests.m in Sources */ = {isa = PBXBuildFile; fileRef = 8BA5306A1EE25DE8001D8D78 /* UploadFileToQiNiuUITests.m */; };
		8BA5307A1EE29342001D8D78 /* ShowImageView.m in Sources */ = {isa = PBXBuildFile; fileRef = 8BA530791EE29342001D8D78 /* ShowImageView.m */; };
		8BA5307D1EE29788001D8D78 /* ShowView.m in Sources */ = {isa = PBXBuildFile; fileRef = 8BA5307C1EE29788001D8D78 /* ShowView.m */; };
		8BA530851EE29A01001D8D78 /* NSDate+Common.m in Sources */ = {isa = PBXBuildFile; fileRef = 8BA530801EE29A01001D8D78 /* NSDate+Common.m */; };
		8BA530861EE29A01001D8D78 /* NSString+Hash.m in Sources */ = {isa = PBXBuildFile; fileRef = 8BA530821EE29A01001D8D78 /* NSString+Hash.m */; };
		8BA530871EE29A01001D8D78 /* NSString+QiNiu.m in Sources */ = {isa = PBXBuildFile; fileRef = 8BA530841EE29A01001D8D78 /* NSString+QiNiu.m */; };
		8BA5308A1EE2AED1001D8D78 /* NSString+Common.m in Sources */ = {isa = PBXBuildFile; fileRef = 8BA530891EE2AED1001D8D78 /* NSString+Common.m */; };
/* End PBXBuildFile section */

/* Begin PBXContainerItemProxy section */
		8BA5305C1EE25DE8001D8D78 /* PBXContainerItemProxy */ = {
			isa = PBXContainerItemProxy;
			containerPortal = 8BA5303D1EE25DE7001D8D78 /* Project object */;
			proxyType = 1;
			remoteGlobalIDString = 8BA530441EE25DE7001D8D78;
			remoteInfo = UploadFileToQiNiu;
		};
		8BA530671EE25DE8001D8D78 /* PBXContainerItemProxy */ = {
			isa = PBXContainerItemProxy;
			containerPortal = 8BA5303D1EE25DE7001D8D78 /* Project object */;
			proxyType = 1;
			remoteGlobalIDString = 8BA530441EE25DE7001D8D78;
			remoteInfo = UploadFileToQiNiu;
		};
/* End PBXContainerItemProxy section */

/* Begin PBXFileReference section */
		0FBBC05787E78ECE91329D07 /* Pods-UploadFileToQiNiu.release.xcconfig */ = {isa = PBXFileReference; includeInIndex = 1; lastKnownFileType = text.xcconfig; name = "Pods-UploadFileToQiNiu.release.xcconfig"; path = "Pods/Target Support Files/Pods-UploadFileToQiNiu/Pods-UploadFileToQiNiu.release.xcconfig"; sourceTree = "<group>"; };
		7D4073811FA60E170098E334 /* UploadTools.h */ = {isa = PBXFileReference; lastKnownFileType = sourcecode.c.h; path = UploadTools.h; sourceTree = "<group>"; };
		7D4073821FA60E170098E334 /* UploadTools.m */ = {isa = PBXFileReference; lastKnownFileType = sourcecode.c.objc; path = UploadTools.m; sourceTree = "<group>"; };
		7D4073841FA61C530098E334 /* NSAlert+Common.h */ = {isa = PBXFileReference; lastKnownFileType = sourcecode.c.h; path = "NSAlert+Common.h"; sourceTree = "<group>"; };
		7D4073851FA61C530098E334 /* NSAlert+Common.m */ = {isa = PBXFileReference; lastKnownFileType = sourcecode.c.objc; path = "NSAlert+Common.m"; sourceTree = "<group>"; };
		8BA530451EE25DE7001D8D78 /* UploadFileToQiNiu.app */ = {isa = PBXFileReference; explicitFileType = wrapper.application; includeInIndex = 0; path = UploadFileToQiNiu.app; sourceTree = BUILT_PRODUCTS_DIR; };
		8BA530481EE25DE7001D8D78 /* AppDelegate.h */ = {isa = PBXFileReference; lastKnownFileType = sourcecode.c.h; path = AppDelegate.h; sourceTree = "<group>"; };
		8BA530491EE25DE7001D8D78 /* AppDelegate.m */ = {isa = PBXFileReference; lastKnownFileType = sourcecode.c.objc; path = AppDelegate.m; sourceTree = "<group>"; };
		8BA5304C1EE25DE7001D8D78 /* main.m */ = {isa = PBXFileReference; lastKnownFileType = sourcecode.c.objc; path = main.m; sourceTree = "<group>"; };
		8BA5304E1EE25DE7001D8D78 /* ViewController.h */ = {isa = PBXFileReference; lastKnownFileType = sourcecode.c.h; path = ViewController.h; sourceTree = "<group>"; };
		8BA5304F1EE25DE7001D8D78 /* ViewController.m */ = {isa = PBXFileReference; lastKnownFileType = sourcecode.c.objc; path = ViewController.m; sourceTree = "<group>"; };
		8BA530511EE25DE7001D8D78 /* Assets.xcassets */ = {isa = PBXFileReference; lastKnownFileType = folder.assetcatalog; path = Assets.xcassets; sourceTree = "<group>"; };
		8BA530541EE25DE7001D8D78 /* Base */ = {isa = PBXFileReference; lastKnownFileType = file.storyboard; name = Base; path = Base.lproj/Main.storyboard; sourceTree = "<group>"; };
		8BA530561EE25DE7001D8D78 /* Info.plist */ = {isa = PBXFileReference; lastKnownFileType = text.plist.xml; path = Info.plist; sourceTree = "<group>"; };
		8BA5305B1EE25DE8001D8D78 /* UploadFileToQiNiuTests.xctest */ = {isa = PBXFileReference; explicitFileType = wrapper.cfbundle; includeInIndex = 0; path = UploadFileToQiNiuTests.xctest; sourceTree = BUILT_PRODUCTS_DIR; };
		8BA5305F1EE25DE8001D8D78 /* UploadFileToQiNiuTests.m */ = {isa = PBXFileReference; lastKnownFileType = sourcecode.c.objc; path = UploadFileToQiNiuTests.m; sourceTree = "<group>"; };
		8BA530611EE25DE8001D8D78 /* Info.plist */ = {isa = PBXFileReference; lastKnownFileType = text.plist.xml; path = Info.plist; sourceTree = "<group>"; };
		8BA530661EE25DE8001D8D78 /* UploadFileToQiNiuUITests.xctest */ = {isa = PBXFileReference; explicitFileType = wrapper.cfbundle; includeInIndex = 0; path = UploadFileToQiNiuUITests.xctest; sourceTree = BUILT_PRODUCTS_DIR; };
		8BA5306A1EE25DE8001D8D78 /* UploadFileToQiNiuUITests.m */ = {isa = PBXFileReference; lastKnownFileType = sourcecode.c.objc; path = UploadFileToQiNiuUITests.m; sourceTree = "<group>"; };
		8BA5306C1EE25DE8001D8D78 /* Info.plist */ = {isa = PBXFileReference; lastKnownFileType = text.plist.xml; path = Info.plist; sourceTree = "<group>"; };
		8BA530781EE29342001D8D78 /* ShowImageView.h */ = {isa = PBXFileReference; fileEncoding = 4; lastKnownFileType = sourcecode.c.h; path = ShowImageView.h; sourceTree = "<group>"; };
		8BA530791EE29342001D8D78 /* ShowImageView.m */ = {isa = PBXFileReference; fileEncoding = 4; lastKnownFileType = sourcecode.c.objc; path = ShowImageView.m; sourceTree = "<group>"; };
		8BA5307B1EE29788001D8D78 /* ShowView.h */ = {isa = PBXFileReference; fileEncoding = 4; lastKnownFileType = sourcecode.c.h; path = ShowView.h; sourceTree = "<group>"; };
		8BA5307C1EE29788001D8D78 /* ShowView.m */ = {isa = PBXFileReference; fileEncoding = 4; lastKnownFileType = sourcecode.c.objc; path = ShowView.m; sourceTree = "<group>"; };
		8BA5307F1EE29A01001D8D78 /* NSDate+Common.h */ = {isa = PBXFileReference; fileEncoding = 4; lastKnownFileType = sourcecode.c.h; path = "NSDate+Common.h"; sourceTree = "<group>"; };
		8BA530801EE29A01001D8D78 /* NSDate+Common.m */ = {isa = PBXFileReference; fileEncoding = 4; lastKnownFileType = sourcecode.c.objc; path = "NSDate+Common.m"; sourceTree = "<group>"; };
		8BA530811EE29A01001D8D78 /* NSString+Hash.h */ = {isa = PBXFileReference; fileEncoding = 4; lastKnownFileType = sourcecode.c.h; path = "NSString+Hash.h"; sourceTree = "<group>"; };
		8BA530821EE29A01001D8D78 /* NSString+Hash.m */ = {isa = PBXFileReference; fileEncoding = 4; lastKnownFileType = sourcecode.c.objc; path = "NSString+Hash.m"; sourceTree = "<group>"; };
		8BA530831EE29A01001D8D78 /* NSString+QiNiu.h */ = {isa = PBXFileReference; fileEncoding = 4; lastKnownFileType = sourcecode.c.h; path = "NSString+QiNiu.h"; sourceTree = "<group>"; };
		8BA530841EE29A01001D8D78 /* NSString+QiNiu.m */ = {isa = PBXFileReference; fileEncoding = 4; lastKnownFileType = sourcecode.c.objc; path = "NSString+QiNiu.m"; sourceTree = "<group>"; };
		8BA530881EE2AED1001D8D78 /* NSString+Common.h */ = {isa = PBXFileReference; fileEncoding = 4; lastKnownFileType = sourcecode.c.h; path = "NSString+Common.h"; sourceTree = "<group>"; };
		8BA530891EE2AED1001D8D78 /* NSString+Common.m */ = {isa = PBXFileReference; fileEncoding = 4; lastKnownFileType = sourcecode.c.objc; path = "NSString+Common.m"; sourceTree = "<group>"; };
		90B589C81D45DD03208A135F /* Pods-UploadFileToQiNiu.debug.xcconfig */ = {isa = PBXFileReference; includeInIndex = 1; lastKnownFileType = text.xcconfig; name = "Pods-UploadFileToQiNiu.debug.xcconfig"; path = "Pods/Target Support Files/Pods-UploadFileToQiNiu/Pods-UploadFileToQiNiu.debug.xcconfig"; sourceTree = "<group>"; };
		C2E1E19336A2164257503E50 /* libPods-UploadFileToQiNiu.a */ = {isa = PBXFileReference; explicitFileType = archive.ar; includeInIndex = 0; path = "libPods-UploadFileToQiNiu.a"; sourceTree = BUILT_PRODUCTS_DIR; };
/* End PBXFileReference section */

/* Begin PBXFrameworksBuildPhase section */
		8BA530421EE25DE7001D8D78 /* Frameworks */ = {
			isa = PBXFrameworksBuildPhase;
			buildActionMask = 2147483647;
			files = (
				2DC758802AFBEA23C7A6CB37 /* libPods-UploadFileToQiNiu.a in Frameworks */,
			);
			runOnlyForDeploymentPostprocessing = 0;
		};
		8BA530581EE25DE8001D8D78 /* Frameworks */ = {
			isa = PBXFrameworksBuildPhase;
			buildActionMask = 2147483647;
			files = (
			);
			runOnlyForDeploymentPostprocessing = 0;
		};
		8BA530631EE25DE8001D8D78 /* Frameworks */ = {
			isa = PBXFrameworksBuildPhase;
			buildActionMask = 2147483647;
			files = (
			);
			runOnlyForDeploymentPostprocessing = 0;
		};
/* End PBXFrameworksBuildPhase section */

/* Begin PBXGroup section */
		1CA08A06938517C9F621CE74 /* Pods */ = {
			isa = PBXGroup;
			children = (
				90B589C81D45DD03208A135F /* Pods-UploadFileToQiNiu.debug.xcconfig */,
				0FBBC05787E78ECE91329D07 /* Pods-UploadFileToQiNiu.release.xcconfig */,
			);
			name = Pods;
			sourceTree = "<group>";
		};
		4D875A8F1C586508C9102EB6 /* Frameworks */ = {
			isa = PBXGroup;
			children = (
				C2E1E19336A2164257503E50 /* libPods-UploadFileToQiNiu.a */,
			);
			name = Frameworks;
			sourceTree = "<group>";
		};
		8BA5303C1EE25DE7001D8D78 = {
			isa = PBXGroup;
			children = (
				8BA530471EE25DE7001D8D78 /* UploadFileToQiNiu */,
				8BA5305E1EE25DE8001D8D78 /* UploadFileToQiNiuTests */,
				8BA530691EE25DE8001D8D78 /* UploadFileToQiNiuUITests */,
				8BA530461EE25DE7001D8D78 /* Products */,
				1CA08A06938517C9F621CE74 /* Pods */,
				4D875A8F1C586508C9102EB6 /* Frameworks */,
			);
			sourceTree = "<group>";
		};
		8BA530461EE25DE7001D8D78 /* Products */ = {
			isa = PBXGroup;
			children = (
				8BA530451EE25DE7001D8D78 /* UploadFileToQiNiu.app */,
				8BA5305B1EE25DE8001D8D78 /* UploadFileToQiNiuTests.xctest */,
				8BA530661EE25DE8001D8D78 /* UploadFileToQiNiuUITests.xctest */,
			);
			name = Products;
			sourceTree = "<group>";
		};
		8BA530471EE25DE7001D8D78 /* UploadFileToQiNiu */ = {
			isa = PBXGroup;
			children = (
				8BA5307E1EE299EA001D8D78 /* Tools */,
				8BA530481EE25DE7001D8D78 /* AppDelegate.h */,
				8BA530491EE25DE7001D8D78 /* AppDelegate.m */,
				8BA5304E1EE25DE7001D8D78 /* ViewController.h */,
				8BA5304F1EE25DE7001D8D78 /* ViewController.m */,
				8BA530511EE25DE7001D8D78 /* Assets.xcassets */,
				8BA530531EE25DE7001D8D78 /* Main.storyboard */,
				8BA530561EE25DE7001D8D78 /* Info.plist */,
				8BA5304B1EE25DE7001D8D78 /* Supporting Files */,
				8BA530781EE29342001D8D78 /* ShowImageView.h */,
				8BA530791EE29342001D8D78 /* ShowImageView.m */,
				8BA5307B1EE29788001D8D78 /* ShowView.h */,
				8BA5307C1EE29788001D8D78 /* ShowView.m */,
			);
			path = UploadFileToQiNiu;
			sourceTree = "<group>";
		};
		8BA5304B1EE25DE7001D8D78 /* Supporting Files */ = {
			isa = PBXGroup;
			children = (
				8BA5304C1EE25DE7001D8D78 /* main.m */,
			);
			name = "Supporting Files";
			sourceTree = "<group>";
		};
		8BA5305E1EE25DE8001D8D78 /* UploadFileToQiNiuTests */ = {
			isa = PBXGroup;
			children = (
				8BA5305F1EE25DE8001D8D78 /* UploadFileToQiNiuTests.m */,
				8BA530611EE25DE8001D8D78 /* Info.plist */,
			);
			path = UploadFileToQiNiuTests;
			sourceTree = "<group>";
		};
		8BA530691EE25DE8001D8D78 /* UploadFileToQiNiuUITests */ = {
			isa = PBXGroup;
			children = (
				8BA5306A1EE25DE8001D8D78 /* UploadFileToQiNiuUITests.m */,
				8BA5306C1EE25DE8001D8D78 /* Info.plist */,
			);
			path = UploadFileToQiNiuUITests;
			sourceTree = "<group>";
		};
		8BA5307E1EE299EA001D8D78 /* Tools */ = {
			isa = PBXGroup;
			children = (
				8BA5307F1EE29A01001D8D78 /* NSDate+Common.h */,
				8BA530801EE29A01001D8D78 /* NSDate+Common.m */,
				8BA530811EE29A01001D8D78 /* NSString+Hash.h */,
				8BA530821EE29A01001D8D78 /* NSString+Hash.m */,
				8BA530831EE29A01001D8D78 /* NSString+QiNiu.h */,
				8BA530841EE29A01001D8D78 /* NSString+QiNiu.m */,
				8BA530881EE2AED1001D8D78 /* NSString+Common.h */,
				8BA530891EE2AED1001D8D78 /* NSString+Common.m */,
				7D4073811FA60E170098E334 /* UploadTools.h */,
				7D4073821FA60E170098E334 /* UploadTools.m */,
				7D4073841FA61C530098E334 /* NSAlert+Common.h */,
				7D4073851FA61C530098E334 /* NSAlert+Common.m */,
			);
			name = Tools;
			sourceTree = "<group>";
		};
/* End PBXGroup section */

/* Begin PBXNativeTarget section */
		8BA530441EE25DE7001D8D78 /* UploadFileToQiNiu */ = {
			isa = PBXNativeTarget;
			buildConfigurationList = 8BA5306F1EE25DE8001D8D78 /* Build configuration list for PBXNativeTarget "UploadFileToQiNiu" */;
			buildPhases = (
				4145FB76FF909280BBFF8A87 /* [CP] Check Pods Manifest.lock */,
				8BA530411EE25DE7001D8D78 /* Sources */,
				8BA530421EE25DE7001D8D78 /* Frameworks */,
				8BA530431EE25DE7001D8D78 /* Resources */,
				B71753948636E5B1B175EFC2 /* [CP] Embed Pods Frameworks */,
				DD135F52DBF1BD3CFF559ADB /* [CP] Copy Pods Resources */,
			);
			buildRules = (
			);
			dependencies = (
			);
			name = UploadFileToQiNiu;
			productName = UploadFileToQiNiu;
			productReference = 8BA530451EE25DE7001D8D78 /* UploadFileToQiNiu.app */;
			productType = "com.apple.product-type.application";
		};
		8BA5305A1EE25DE8001D8D78 /* UploadFileToQiNiuTests */ = {
			isa = PBXNativeTarget;
			buildConfigurationList = 8BA530721EE25DE8001D8D78 /* Build configuration list for PBXNativeTarget "UploadFileToQiNiuTests" */;
			buildPhases = (
				8BA530571EE25DE8001D8D78 /* Sources */,
				8BA530581EE25DE8001D8D78 /* Frameworks */,
				8BA530591EE25DE8001D8D78 /* Resources */,
			);
			buildRules = (
			);
			dependencies = (
				8BA5305D1EE25DE8001D8D78 /* PBXTargetDependency */,
			);
			name = UploadFileToQiNiuTests;
			productName = UploadFileToQiNiuTests;
			productReference = 8BA5305B1EE25DE8001D8D78 /* UploadFileToQiNiuTests.xctest */;
			productType = "com.apple.product-type.bundle.unit-test";
		};
		8BA530651EE25DE8001D8D78 /* UploadFileToQiNiuUITests */ = {
			isa = PBXNativeTarget;
			buildConfigurationList = 8BA530751EE25DE8001D8D78 /* Build configuration list for PBXNativeTarget "UploadFileToQiNiuUITests" */;
			buildPhases = (
				8BA530621EE25DE8001D8D78 /* Sources */,
				8BA530631EE25DE8001D8D78 /* Frameworks */,
				8BA530641EE25DE8001D8D78 /* Resources */,
			);
			buildRules = (
			);
			dependencies = (
				8BA530681EE25DE8001D8D78 /* PBXTargetDependency */,
			);
			name = UploadFileToQiNiuUITests;
			productName = UploadFileToQiNiuUITests;
			productReference = 8BA530661EE25DE8001D8D78 /* UploadFileToQiNiuUITests.xctest */;
			productType = "com.apple.product-type.bundle.ui-testing";
		};
/* End PBXNativeTarget section */

/* Begin PBXProject section */
		8BA5303D1EE25DE7001D8D78 /* Project object */ = {
			isa = PBXProject;
			attributes = {
				LastUpgradeCheck = 0830;
				ORGANIZATIONNAME = klone1127;
				TargetAttributes = {
					8BA530441EE25DE7001D8D78 = {
						CreatedOnToolsVersion = 8.3.2;
						ProvisioningStyle = Automatic;
					};
					8BA5305A1EE25DE8001D8D78 = {
						CreatedOnToolsVersion = 8.3.2;
						ProvisioningStyle = Automatic;
						TestTargetID = 8BA530441EE25DE7001D8D78;
					};
					8BA530651EE25DE8001D8D78 = {
						CreatedOnToolsVersion = 8.3.2;
						ProvisioningStyle = Automatic;
						TestTargetID = 8BA530441EE25DE7001D8D78;
					};
				};
			};
			buildConfigurationList = 8BA530401EE25DE7001D8D78 /* Build configuration list for PBXProject "UploadFileToQiNiu" */;
			compatibilityVersion = "Xcode 3.2";
			developmentRegion = English;
			hasScannedForEncodings = 0;
			knownRegions = (
				en,
				Base,
			);
			mainGroup = 8BA5303C1EE25DE7001D8D78;
			productRefGroup = 8BA530461EE25DE7001D8D78 /* Products */;
			projectDirPath = "";
			projectRoot = "";
			targets = (
				8BA530441EE25DE7001D8D78 /* UploadFileToQiNiu */,
				8BA5305A1EE25DE8001D8D78 /* UploadFileToQiNiuTests */,
				8BA530651EE25DE8001D8D78 /* UploadFileToQiNiuUITests */,
			);
		};
/* End PBXProject section */

/* Begin PBXResourcesBuildPhase section */
		8BA530431EE25DE7001D8D78 /* Resources */ = {
			isa = PBXResourcesBuildPhase;
			buildActionMask = 2147483647;
			files = (
				8BA530521EE25DE7001D8D78 /* Assets.xcassets in Resources */,
				8BA530551EE25DE7001D8D78 /* Main.storyboard in Resources */,
			);
			runOnlyForDeploymentPostprocessing = 0;
		};
		8BA530591EE25DE8001D8D78 /* Resources */ = {
			isa = PBXResourcesBuildPhase;
			buildActionMask = 2147483647;
			files = (
			);
			runOnlyForDeploymentPostprocessing = 0;
		};
		8BA530641EE25DE8001D8D78 /* Resources */ = {
			isa = PBXResourcesBuildPhase;
			buildActionMask = 2147483647;
			files = (
			);
			runOnlyForDeploymentPostprocessing = 0;
		};
/* End PBXResourcesBuildPhase section */

/* Begin PBXShellScriptBuildPhase section */
		4145FB76FF909280BBFF8A87 /* [CP] Check Pods Manifest.lock */ = {
			isa = PBXShellScriptBuildPhase;
			buildActionMask = 2147483647;
			files = (
			);
			inputPaths = (
			);
			name = "[CP] Check Pods Manifest.lock";
			outputPaths = (
			);
			runOnlyForDeploymentPostprocessing = 0;
			shellPath = /bin/sh;
			shellScript = "diff \"${PODS_PODFILE_DIR_PATH}/Podfile.lock\" \"${PODS_ROOT}/Manifest.lock\" > /dev/null\nif [ $? != 0 ] ; then\n    # print error to STDERR\n    echo \"error: The sandbox is not in sync with the Podfile.lock. Run 'pod install' or update your CocoaPods installation.\" >&2\n    exit 1\nfi\n";
			showEnvVarsInLog = 0;
		};
		B71753948636E5B1B175EFC2 /* [CP] Embed Pods Frameworks */ = {
			isa = PBXShellScriptBuildPhase;
			buildActionMask = 2147483647;
			files = (
			);
			inputPaths = (
			);
			name = "[CP] Embed Pods Frameworks";
			outputPaths = (
			);
			runOnlyForDeploymentPostprocessing = 0;
			shellPath = /bin/sh;
			shellScript = "\"${SRCROOT}/Pods/Target Support Files/Pods-UploadFileToQiNiu/Pods-UploadFileToQiNiu-frameworks.sh\"\n";
			showEnvVarsInLog = 0;
		};
		DD135F52DBF1BD3CFF559ADB /* [CP] Copy Pods Resources */ = {
			isa = PBXShellScriptBuildPhase;
			buildActionMask = 2147483647;
			files = (
			);
			inputPaths = (
			);
			name = "[CP] Copy Pods Resources";
			outputPaths = (
			);
			runOnlyForDeploymentPostprocessing = 0;
			shellPath = /bin/sh;
			shellScript = "\"${SRCROOT}/Pods/Target Support Files/Pods-UploadFileToQiNiu/Pods-UploadFileToQiNiu-resources.sh\"\n";
			showEnvVarsInLog = 0;
		};
/* End PBXShellScriptBuildPhase section */

/* Begin PBXSourcesBuildPhase section */
		8BA530411EE25DE7001D8D78 /* Sources */ = {
			isa = PBXSourcesBuildPhase;
			buildActionMask = 2147483647;
			files = (
				8BA530861EE29A01001D8D78 /* NSString+Hash.m in Sources */,
				8BA530501EE25DE7001D8D78 /* ViewController.m in Sources */,
				7D4073831FA60E170098E334 /* UploadTools.m in Sources */,
				8BA5307A1EE29342001D8D78 /* ShowImageView.m in Sources */,
				8BA5304D1EE25DE7001D8D78 /* main.m in Sources */,
				8BA530871EE29A01001D8D78 /* NSString+QiNiu.m in Sources */,
				8BA5307D1EE29788001D8D78 /* ShowView.m in Sources */,
				7D4073861FA61C530098E334 /* NSAlert+Common.m in Sources */,
				8BA5304A1EE25DE7001D8D78 /* AppDelegate.m in Sources */,
				8BA5308A1EE2AED1001D8D78 /* NSString+Common.m in Sources */,
				8BA530851EE29A01001D8D78 /* NSDate+Common.m in Sources */,
			);
			runOnlyForDeploymentPostprocessing = 0;
		};
		8BA530571EE25DE8001D8D78 /* Sources */ = {
			isa = PBXSourcesBuildPhase;
			buildActionMask = 2147483647;
			files = (
				8BA530601EE25DE8001D8D78 /* UploadFileToQiNiuTests.m in Sources */,
			);
			runOnlyForDeploymentPostprocessing = 0;
		};
		8BA530621EE25DE8001D8D78 /* Sources */ = {
			isa = PBXSourcesBuildPhase;
			buildActionMask = 2147483647;
			files = (
				8BA5306B1EE25DE8001D8D78 /* UploadFileToQiNiuUITests.m in Sources */,
			);
			runOnlyForDeploymentPostprocessing = 0;
		};
/* End PBXSourcesBuildPhase section */

/* Begin PBXTargetDependency section */
		8BA5305D1EE25DE8001D8D78 /* PBXTargetDependency */ = {
			isa = PBXTargetDependency;
			target = 8BA530441EE25DE7001D8D78 /* UploadFileToQiNiu */;
			targetProxy = 8BA5305C1EE25DE8001D8D78 /* PBXContainerItemProxy */;
		};
		8BA530681EE25DE8001D8D78 /* PBXTargetDependency */ = {
			isa = PBXTargetDependency;
			target = 8BA530441EE25DE7001D8D78 /* UploadFileToQiNiu */;
			targetProxy = 8BA530671EE25DE8001D8D78 /* PBXContainerItemProxy */;
		};
/* End PBXTargetDependency section */

/* Begin PBXVariantGroup section */
		8BA530531EE25DE7001D8D78 /* Main.storyboard */ = {
			isa = PBXVariantGroup;
			children = (
				8BA530541EE25DE7001D8D78 /* Base */,
			);
			name = Main.storyboard;
			sourceTree = "<group>";
		};
/* End PBXVariantGroup section */

/* Begin XCBuildConfiguration section */
		8BA5306D1EE25DE8001D8D78 /* Debug */ = {
			isa = XCBuildConfiguration;
			buildSettings = {
				ALWAYS_SEARCH_USER_PATHS = NO;
				CLANG_ANALYZER_NONNULL = YES;
				CLANG_ANALYZER_NUMBER_OBJECT_CONVERSION = YES_AGGRESSIVE;
				CLANG_CXX_LANGUAGE_STANDARD = "gnu++0x";
				CLANG_CXX_LIBRARY = "libc++";
				CLANG_ENABLE_MODULES = YES;
				CLANG_ENABLE_OBJC_ARC = YES;
				CLANG_WARN_BOOL_CONVERSION = YES;
				CLANG_WARN_CONSTANT_CONVERSION = YES;
				CLANG_WARN_DIRECT_OBJC_ISA_USAGE = YES_ERROR;
				CLANG_WARN_DOCUMENTATION_COMMENTS = YES;
				CLANG_WARN_EMPTY_BODY = YES;
				CLANG_WARN_ENUM_CONVERSION = YES;
				CLANG_WARN_INFINITE_RECURSION = YES;
				CLANG_WARN_INT_CONVERSION = YES;
				CLANG_WARN_OBJC_ROOT_CLASS = YES_ERROR;
				CLANG_WARN_SUSPICIOUS_MOVE = YES;
				CLANG_WARN_UNREACHABLE_CODE = YES;
				CLANG_WARN__DUPLICATE_METHOD_MATCH = YES;
				CODE_SIGN_IDENTITY = "-";
				COPY_PHASE_STRIP = NO;
				DEBUG_INFORMATION_FORMAT = dwarf;
				ENABLE_STRICT_OBJC_MSGSEND = YES;
				ENABLE_TESTABILITY = YES;
				GCC_C_LANGUAGE_STANDARD = gnu99;
				GCC_DYNAMIC_NO_PIC = NO;
				GCC_NO_COMMON_BLOCKS = YES;
				GCC_OPTIMIZATION_LEVEL = 0;
				GCC_PREPROCESSOR_DEFINITIONS = (
					"DEBUG=1",
					"$(inherited)",
				);
				GCC_WARN_64_TO_32_BIT_CONVERSION = YES;
				GCC_WARN_ABOUT_RETURN_TYPE = YES_ERROR;
				GCC_WARN_UNDECLARED_SELECTOR = YES;
				GCC_WARN_UNINITIALIZED_AUTOS = YES_AGGRESSIVE;
				GCC_WARN_UNUSED_FUNCTION = YES;
				GCC_WARN_UNUSED_VARIABLE = YES;
				MACOSX_DEPLOYMENT_TARGET = 10.12;
				MTL_ENABLE_DEBUG_INFO = YES;
				ONLY_ACTIVE_ARCH = YES;
				SDKROOT = macosx;
			};
			name = Debug;
		};
		8BA5306E1EE25DE8001D8D78 /* Release */ = {
			isa = XCBuildConfiguration;
			buildSettings = {
				ALWAYS_SEARCH_USER_PATHS = NO;
				CLANG_ANALYZER_NONNULL = YES;
				CLANG_ANALYZER_NUMBER_OBJECT_CONVERSION = YES_AGGRESSIVE;
				CLANG_CXX_LANGUAGE_STANDARD = "gnu++0x";
				CLANG_CXX_LIBRARY = "libc++";
				CLANG_ENABLE_MODULES = YES;
				CLANG_ENABLE_OBJC_ARC = YES;
				CLANG_WARN_BOOL_CONVERSION = YES;
				CLANG_WARN_CONSTANT_CONVERSION = YES;
				CLANG_WARN_DIRECT_OBJC_ISA_USAGE = YES_ERROR;
				CLANG_WARN_DOCUMENTATION_COMMENTS = YES;
				CLANG_WARN_EMPTY_BODY = YES;
				CLANG_WARN_ENUM_CONVERSION = YES;
				CLANG_WARN_INFINITE_RECURSION = YES;
				CLANG_WARN_INT_CONVERSION = YES;
				CLANG_WARN_OBJC_ROOT_CLASS = YES_ERROR;
				CLANG_WARN_SUSPICIOUS_MOVE = YES;
				CLANG_WARN_UNREACHABLE_CODE = YES;
				CLANG_WARN__DUPLICATE_METHOD_MATCH = YES;
				CODE_SIGN_IDENTITY = "-";
				COPY_PHASE_STRIP = NO;
				DEBUG_INFORMATION_FORMAT = "dwarf-with-dsym";
				ENABLE_NS_ASSERTIONS = NO;
				ENABLE_STRICT_OBJC_MSGSEND = YES;
				GCC_C_LANGUAGE_STANDARD = gnu99;
				GCC_NO_COMMON_BLOCKS = YES;
				GCC_WARN_64_TO_32_BIT_CONVERSION = YES;
				GCC_WARN_ABOUT_RETURN_TYPE = YES_ERROR;
				GCC_WARN_UNDECLARED_SELECTOR = YES;
				GCC_WARN_UNINITIALIZED_AUTOS = YES_AGGRESSIVE;
				GCC_WARN_UNUSED_FUNCTION = YES;
				GCC_WARN_UNUSED_VARIABLE = YES;
				MACOSX_DEPLOYMENT_TARGET = 10.12;
				MTL_ENABLE_DEBUG_INFO = NO;
				SDKROOT = macosx;
			};
			name = Release;
		};
		8BA530701EE25DE8001D8D78 /* Debug */ = {
			isa = XCBuildConfiguration;
			baseConfigurationReference = 90B589C81D45DD03208A135F /* Pods-UploadFileToQiNiu.debug.xcconfig */;
			buildSettings = {
				ASSETCATALOG_COMPILER_APPICON_NAME = AppIcon;
				CLANG_WARN_DOCUMENTATION_COMMENTS = NO;
				COMBINE_HIDPI_IMAGES = YES;
				INFOPLIST_FILE = UploadFileToQiNiu/Info.plist;
				LD_RUNPATH_SEARCH_PATHS = "$(inherited) @executable_path/../Frameworks";
				PRODUCT_BUNDLE_IDENTIFIER = com.klone1127.UploadFileToQiNiu;
				PRODUCT_NAME = "$(TARGET_NAME)";
			};
			name = Debug;
		};
		8BA530711EE25DE8001D8D78 /* Release */ = {
			isa = XCBuildConfiguration;
			baseConfigurationReference = 0FBBC05787E78ECE91329D07 /* Pods-UploadFileToQiNiu.release.xcconfig */;
			buildSettings = {
				ASSETCATALOG_COMPILER_APPICON_NAME = AppIcon;
				CLANG_WARN_DOCUMENTATION_COMMENTS = NO;
				COMBINE_HIDPI_IMAGES = YES;
				INFOPLIST_FILE = UploadFileToQiNiu/Info.plist;
				LD_RUNPATH_SEARCH_PATHS = "$(inherited) @executable_path/../Frameworks";
				PRODUCT_BUNDLE_IDENTIFIER = com.klone1127.UploadFileToQiNiu;
				PRODUCT_NAME = "$(TARGET_NAME)";
			};
			name = Release;
		};
		8BA530731EE25DE8001D8D78 /* Debug */ = {
			isa = XCBuildConfiguration;
			buildSettings = {
				BUNDLE_LOADER = "$(TEST_HOST)";
				COMBINE_HIDPI_IMAGES = YES;
				INFOPLIST_FILE = UploadFileToQiNiuTests/Info.plist;
				LD_RUNPATH_SEARCH_PATHS = "$(inherited) @executable_path/../Frameworks @loader_path/../Frameworks";
				PRODUCT_BUNDLE_IDENTIFIER = com.klone1127.UploadFileToQiNiuTests;
				PRODUCT_NAME = "$(TARGET_NAME)";
				TEST_HOST = "$(BUILT_PRODUCTS_DIR)/UploadFileToQiNiu.app/Contents/MacOS/UploadFileToQiNiu";
			};
			name = Debug;
		};
		8BA530741EE25DE8001D8D78 /* Release */ = {
			isa = XCBuildConfiguration;
			buildSettings = {
				BUNDLE_LOADER = "$(TEST_HOST)";
				COMBINE_HIDPI_IMAGES = YES;
				INFOPLIST_FILE = UploadFileToQiNiuTests/Info.plist;
				LD_RUNPATH_SEARCH_PATHS = "$(inherited) @executable_path/../Frameworks @loader_path/../Frameworks";
				PRODUCT_BUNDLE_IDENTIFIER = com.klone1127.UploadFileToQiNiuTests;
				PRODUCT_NAME = "$(TARGET_NAME)";
				TEST_HOST = "$(BUILT_PRODUCTS_DIR)/UploadFileToQiNiu.app/Contents/MacOS/UploadFileToQiNiu";
			};
			name = Release;
		};
		8BA530761EE25DE8001D8D78 /* Debug */ = {
			isa = XCBuildConfiguration;
			buildSettings = {
				COMBINE_HIDPI_IMAGES = YES;
				INFOPLIST_FILE = UploadFileToQiNiuUITests/Info.plist;
				LD_RUNPATH_SEARCH_PATHS = "$(inherited) @executable_path/../Frameworks @loader_path/../Frameworks";
				PRODUCT_BUNDLE_IDENTIFIER = com.klone1127.UploadFileToQiNiuUITests;
				PRODUCT_NAME = "$(TARGET_NAME)";
				TEST_TARGET_NAME = UploadFileToQiNiu;
			};
			name = Debug;
		};
		8BA530771EE25DE8001D8D78 /* Release */ = {
			isa = XCBuildConfiguration;
			buildSettings = {
				COMBINE_HIDPI_IMAGES = YES;
				INFOPLIST_FILE = UploadFileToQiNiuUITests/Info.plist;
				LD_RUNPATH_SEARCH_PATHS = "$(inherited) @executable_path/../Frameworks @loader_path/../Frameworks";
				PRODUCT_BUNDLE_IDENTIFIER = com.klone1127.UploadFileToQiNiuUITests;
				PRODUCT_NAME = "$(TARGET_NAME)";
				TEST_TARGET_NAME = UploadFileToQiNiu;
			};
			name = Release;
		};
/* End XCBuildConfiguration section */

/* Begin XCConfigurationList section */
		8BA530401EE25DE7001D8D78 /* Build configuration list for PBXProject "UploadFileToQiNiu" */ = {
			isa = XCConfigurationList;
			buildConfigurations = (
				8BA5306D1EE25DE8001D8D78 /* Debug */,
				8BA5306E1EE25DE8001D8D78 /* Release */,
			);
			defaultConfigurationIsVisible = 0;
			defaultConfigurationName = Release;
		};
		8BA5306F1EE25DE8001D8D78 /* Build configuration list for PBXNativeTarget "UploadFileToQiNiu" */ = {
			isa = XCConfigurationList;
			buildConfigurations = (
				8BA530701EE25DE8001D8D78 /* Debug */,
				8BA530711EE25DE8001D8D78 /* Release */,
			);
			defaultConfigurationIsVisible = 0;
			defaultConfigurationName = Release;
		};
		8BA530721EE25DE8001D8D78 /* Build configuration list for PBXNativeTarget "UploadFileToQiNiuTests" */ = {
			isa = XCConfigurationList;
			buildConfigurations = (
				8BA530731EE25DE8001D8D78 /* Debug */,
				8BA530741EE25DE8001D8D78 /* Release */,
			);
			defaultConfigurationIsVisible = 0;
			defaultConfigurationName = Release;
		};
		8BA530751EE25DE8001D8D78 /* Build configuration list for PBXNativeTarget "UploadFileToQiNiuUITests" */ = {
			isa = XCConfigurationList;
			buildConfigurations = (
				8BA530761EE25DE8001D8D78 /* Debug */,
				8BA530771EE25DE8001D8D78 /* Release */,
			);
			defaultConfigurationIsVisible = 0;
			defaultConfigurationName = Release;
		};
/* End XCConfigurationList section */
	};
	rootObject = 8BA5303D1EE25DE7001D8D78 /* Project object */;
}
